
Microsoft Visual Studio Solution File, Format Version 12.00
Project("{FAE04EC0-301F-11D3-BF4B-00C04F79EFBC}") = "SimpleWebApp", "SimpleWebApp\SimpleWebApp.csproj", "{63D3088A-D102-43DF-92A4-EE48217E784D}"
EndProject
Project("{FAE04EC0-301F-11D3-BF4B-00C04F79EFBC}") = "TestProject", "TestProject\TestProject.csproj", "{84153FDB-98EE-4B84-B243-3C11039F3C49}"
EndProject
Project("{FAE04EC0-301F-11D3-BF4B-00C04F79EFBC}") = "SimpleWebApp.Core", "SimpleWebApp.Core\SimpleWebApp.Core.csproj", "{78BA9921-FFD1-4A83-8653-21609F0BAB91}"
EndProject
Project("{FAE04EC0-301F-11D3-BF4B-00C04F79EFBC}") = "SimpleWebApp.API", "SimpleWebApp.API\SimpleWebApp.API.csproj", "{D09F7F89-5552-456C-AA8F-442BF24A499D}"
EndProject
Project("{FAE04EC0-301F-11D3-BF4B-00C04F79EFBC}") = "IO.Swagger", "IO.Swagger\IO.Swagger.csproj", "{B86F3198-9261-4278-9CA2-4D20664F32C6}"
EndProject
Global
	GlobalSection(SolutionConfigurationPlatforms) = preSolution
		Debug|Any CPU = Debug|Any CPU
		Release|Any CPU = Release|Any CPU
	EndGlobalSection
	GlobalSection(ProjectConfigurationPlatforms) = postSolution
		{63D3088A-D102-43DF-92A4-EE48217E784D}.Debug|Any CPU.ActiveCfg = Debug|Any CPU
		{63D3088A-D102-43DF-92A4-EE48217E784D}.Debug|Any CPU.Build.0 = Debug|Any CPU
		{63D3088A-D102-43DF-92A4-EE48217E784D}.Release|Any CPU.ActiveCfg = Release|Any CPU
		{63D3088A-D102-43DF-92A4-EE48217E784D}.Release|Any CPU.Build.0 = Release|Any CPU
		{84153FDB-98EE-4B84-B243-3C11039F3C49}.Debug|Any CPU.ActiveCfg = Debug|Any CPU
		{84153FDB-98EE-4B84-B243-3C11039F3C49}.Debug|Any CPU.Build.0 = Debug|Any CPU
		{84153FDB-98EE-4B84-B243-3C11039F3C49}.Release|Any CPU.ActiveCfg = Release|Any CPU
		{84153FDB-98EE-4B84-B243-3C11039F3C49}.Release|Any CPU.Build.0 = Release|Any CPU
		{78BA9921-FFD1-4A83-8653-21609F0BAB91}.Debug|Any CPU.ActiveCfg = Debug|Any CPU
		{78BA9921-FFD1-4A83-8653-21609F0BAB91}.Debug|Any CPU.Build.0 = Debug|Any CPU
		{78BA9921-FFD1-4A83-8653-21609F0BAB91}.Release|Any CPU.ActiveCfg = Release|Any CPU
		{78BA9921-FFD1-4A83-8653-21609F0BAB91}.Release|Any CPU.Build.0 = Release|Any CPU
		{D09F7F89-5552-456C-AA8F-442BF24A499D}.Debug|Any CPU.ActiveCfg = Debug|Any CPU
		{D09F7F89-5552-456C-AA8F-442BF24A499D}.Debug|Any CPU.Build.0 = Debug|Any CPU
		{D09F7F89-5552-456C-AA8F-442BF24A499D}.Release|Any CPU.ActiveCfg = Release|Any CPU
		{D09F7F89-5552-456C-AA8F-442BF24A499D}.Release|Any CPU.Build.0 = Release|Any CPU
		{B86F3198-9261-4278-9CA2-4D20664F32C6}.Debug|Any CPU.ActiveCfg = Debug|Any CPU
		{B86F3198-9261-4278-9CA2-4D20664F32C6}.Debug|Any CPU.Build.0 = Debug|Any CPU
		{B86F3198-9261-4278-9CA2-4D20664F32C6}.Release|Any CPU.ActiveCfg = Release|Any CPU
		{B86F3198-9261-4278-9CA2-4D20664F32C6}.Release|Any CPU.Build.0 = Release|Any CPU
	EndGlobalSection
EndGlobal
