
Microsoft Visual Studio Solution File, Format Version 12.00
Project("{FAE04EC0-301F-11D3-BF4B-00C04F79EFBC}") = "SimpleWebApp", "SimpleWebApp\SimpleWebApp.csproj", "{63D3088A-D102-43DF-92A4-EE48217E784D}"
EndProject
Project("{FAE04EC0-301F-11D3-BF4B-00C04F79EFBC}") = "TestProject", "TestProject\TestProject.csproj", "{84153FDB-98EE-4B84-B243-3C11039F3C49}"
EndProject
Project("{FAE04EC0-301F-11D3-BF4B-00C04F79EFBC}") = "Simple_restClient", "Simple_restClient\Simple_restClient.csproj", "{75951F7E-DAB0-47E3-8675-19C0E71FA787}"
EndProject
Project("{FAE04EC0-301F-11D3-BF4B-00C04F79EFBC}") = "IO.Swagger", "TestProjects\IO.Swagger\IO.Swagger.csproj", "{D123D30A-748D-46DF-8678-BABEB7DC8279}"
EndProject
Global
	GlobalSection(SolutionConfigurationPlatforms) = preSolution
		Debug|Any CPU = Debug|Any CPU
		Release|Any CPU = Release|Any CPU
	EndGlobalSection
	GlobalSection(ProjectConfigurationPlatforms) = postSolution
		{63D3088A-D102-43DF-92A4-EE48217E784D}.Debug|Any CPU.ActiveCfg = Debug|Any CPU
		{63D3088A-D102-43DF-92A4-EE48217E784D}.Debug|Any CPU.Build.0 = Debug|Any CPU
		{63D3088A-D102-43DF-92A4-EE48217E784D}.Release|Any CPU.ActiveCfg = Release|Any CPU
		{63D3088A-D102-43DF-92A4-EE48217E784D}.Release|Any CPU.Build.0 = Release|Any CPU
		{84153FDB-98EE-4B84-B243-3C11039F3C49}.Debug|Any CPU.ActiveCfg = Debug|Any CPU
		{84153FDB-98EE-4B84-B243-3C11039F3C49}.Debug|Any CPU.Build.0 = Debug|Any CPU
		{84153FDB-98EE-4B84-B243-3C11039F3C49}.Release|Any CPU.ActiveCfg = Release|Any CPU
		{84153FDB-98EE-4B84-B243-3C11039F3C49}.Release|Any CPU.Build.0 = Release|Any CPU
		{75951F7E-DAB0-47E3-8675-19C0E71FA787}.Debug|Any CPU.ActiveCfg = Debug|Any CPU
		{75951F7E-DAB0-47E3-8675-19C0E71FA787}.Debug|Any CPU.Build.0 = Debug|Any CPU
		{75951F7E-DAB0-47E3-8675-19C0E71FA787}.Release|Any CPU.ActiveCfg = Release|Any CPU
		{75951F7E-DAB0-47E3-8675-19C0E71FA787}.Release|Any CPU.Build.0 = Release|Any CPU
		{D123D30A-748D-46DF-8678-BABEB7DC8279}.Debug|Any CPU.ActiveCfg = Debug|Any CPU
		{D123D30A-748D-46DF-8678-BABEB7DC8279}.Debug|Any CPU.Build.0 = Debug|Any CPU
		{D123D30A-748D-46DF-8678-BABEB7DC8279}.Release|Any CPU.ActiveCfg = Release|Any CPU
		{D123D30A-748D-46DF-8678-BABEB7DC8279}.Release|Any CPU.Build.0 = Release|Any CPU
	EndGlobalSection
EndGlobal
